version = 1
revision = 3
requires-python = "==3.11.*"

[[package]]
name = "colorama"
version = "0.4.6"
source = { registry = "https://pypi.org/simple" }
sdist = { url = "https://files.pythonhosted.org/packages/d8/53/6f443c9a4a8358a93a6792e2acffb9d9d5cb0a5cfd8802644b7b1c9a02e4/colorama-0.4.6.tar.gz", hash = "sha256:08695f5cb7ed6e0531a20572697297273c47b8cae5a63ffc6d6ed5c201be6e44", size = 27697, upload-time = "2022-10-25T02:36:22.414Z" }
wheels = [
    { url = "https://files.pythonhosted.org/packages/d1/d6/3965ed04c63042e047cb6a3e6ed1a63a35087b6a609aa3a15ed8ac56c221/colorama-0.4.6-py2.py3-none-any.whl", hash = "sha256:4f1d9991f5acc0ca119f9d443620b77f9d6b33703e51011c16baf57afb285fc6", size = 25335, upload-time = "2022-10-25T02:36:20.889Z" },
]

[[package]]
name = "coverage"
version = "7.11.2"
source = { registry = "https://pypi.org/simple" }
sdist = { url = "https://files.pythonhosted.org/packages/32/e6/7c4006cf689ed7a4aa75dcf1f14acbc04e585714c220b5cc6d231096685a/coverage-7.11.2.tar.gz", hash = "sha256:ae43149b7732df15c3ca9879b310c48b71d08cd8a7ba77fda7f9108f78499e93", size = 814849, upload-time = "2025-11-08T20:26:33.011Z" }
wheels = [
    { url = "https://files.pythonhosted.org/packages/89/39/326336c0adc6dc624be0edb5143dec90a9da2626335e83f6d09da120922f/coverage-7.11.2-cp311-cp311-macosx_10_9_x86_64.whl", hash = "sha256:36c41bf2ee6f6062de8177e249fee17cd5c9662cd373f7a41e6468a34c5b9c0f", size = 216927, upload-time = "2025-11-08T20:24:08.167Z" },
    { url = "https://files.pythonhosted.org/packages/b7/68/cd1d3422fc9525827cddf62b2385f78356b88e745e90e8e512fefcc05f8f/coverage-7.11.2-cp311-cp311-macosx_11_0_arm64.whl", hash = "sha256:397778cf6d50df59c890bd3ac10acb5bf413388ff6a013305134f1403d5db648", size = 217429, upload-time = "2025-11-08T20:24:09.939Z" },
    { url = "https://files.pythonhosted.org/packages/36/73/3f384dd79d6bbdf7fbceda3c7e0db33e148559bc18c49022c9c0c5e512c1/coverage-7.11.2-cp311-cp311-manylinux1_i686.manylinux_2_28_i686.manylinux_2_5_i686.whl", hash = "sha256:c85f44ed4260221e46a4e9e8e8df4b359ab6c0a742c79e85d649779bcf77b534", size = 247832, upload-time = "2025-11-08T20:24:11.897Z" },
    { url = "https://files.pythonhosted.org/packages/45/3c/27839b6f343998e82f3e470397c058566c953dc71fe37e0abb953133a341/coverage-7.11.2-cp311-cp311-manylinux1_x86_64.manylinux_2_28_x86_64.manylinux_2_5_x86_64.whl", hash = "sha256:cbffd1d5c5bf4c576ca247bf77646cdad4dced82928337eeb0b85e2b3be4d64b", size = 249749, upload-time = "2025-11-08T20:24:13.705Z" },
    { url = "https://files.pythonhosted.org/packages/6e/51/011102c7f6902084e632128ac0f42cd3345acc543a7c9f8ce5e1a94397ef/coverage-7.11.2-cp311-cp311-manylinux2014_aarch64.manylinux_2_17_aarch64.manylinux_2_28_aarch64.whl", hash = "sha256:ea10a57568af7cf082a7a4d98a699f993652c2ffbdd5a6c9d63c9ca10b693b4d", size = 251860, upload-time = "2025-11-08T20:24:15.113Z" },
    { url = "https://files.pythonhosted.org/packages/bb/4c/4622eb7aac98c2552ed8a176a6015ea8cf36a2ec75cbcfb5f2ccf100bbd6/coverage-7.11.2-cp311-cp311-manylinux_2_31_riscv64.manylinux_2_39_riscv64.whl", hash = "sha256:c4b1bea4c707f4c09f682fe0e646a114dfd068f627880d4a208850d01f8164ad", size = 247942, upload-time = "2025-11-08T20:24:16.637Z" },
    { url = "https://files.pythonhosted.org/packages/95/94/42ba12fc827fb504f8f8ec5313e46cf5582cdb9d4823e76d70ed22e88bdf/coverage-7.11.2-cp311-cp311-musllinux_1_2_aarch64.whl", hash = "sha256:1ac3f647ecf25d883051ef42d38d823016e715b9f289f8c1768be5117075d1bd", size = 249553, upload-time = "2025-11-08T20:24:18.153Z" },
    { url = "https://files.pythonhosted.org/packages/a3/47/2cd8014c872a3e469ffe50fbc692d02c7460e20cd701a0d6366fbef759e3/coverage-7.11.2-cp311-cp311-musllinux_1_2_i686.whl", hash = "sha256:d423991415f73a70c0a5f3e0a226cf4ab374dd0da7409978069b844df3d31582", size = 247627, upload-time = "2025-11-08T20:24:19.644Z" },
    { url = "https://files.pythonhosted.org/packages/a9/31/e722f2c7f0f16954d13e6441a24d841174bcb1ff2421c6504c024c09c7af/coverage-7.11.2-cp311-cp311-musllinux_1_2_riscv64.whl", hash = "sha256:0f4a958ff286038ac870f836351e9fb8912f1614d1cdbda200fc899235f7dc9b", size = 247353, upload-time = "2025-11-08T20:24:21.28Z" },
    { url = "https://files.pythonhosted.org/packages/0a/dd/d4fd26be0ce7993f0013df9788e52cd83a1adf5cfb9887bfd1b38722380e/coverage-7.11.2-cp311-cp311-musllinux_1_2_x86_64.whl", hash = "sha256:4d1ff4b87ad438148976f2215141a490ae000e878536370d53f8da8c59a175a6", size = 248251, upload-time = "2025-11-08T20:24:22.724Z" },
    { url = "https://files.pythonhosted.org/packages/1c/33/003f7b5f10fae2ad7390e57a1520c46a24bd46e374b197e97050ae47751f/coverage-7.11.2-cp311-cp311-win32.whl", hash = "sha256:e448ceee2fb880427eafc9a3f8e6162b2ac7cc3e9b30b85d6511f25cc8a11820", size = 219410, upload-time = "2025-11-08T20:24:24.15Z" },
    { url = "https://files.pythonhosted.org/packages/22/e8/5db102c57143f33a9229ecdc8d7976ad0c5d103fcd26f2b939db96789990/coverage-7.11.2-cp311-cp311-win_amd64.whl", hash = "sha256:bc65e32fe5bb942f0f5247e1500e355cbbdf326181198f5e27e3bb3ddb81e203", size = 220342, upload-time = "2025-11-08T20:24:25.947Z" },
    { url = "https://files.pythonhosted.org/packages/bf/b2/9908f6b4b979045c01e02a069ae5f73c16dff022c296a5e1fd756c602c6c/coverage-7.11.2-cp311-cp311-win_arm64.whl", hash = "sha256:e8eb6cbd7d3b238335b5da0f3ce281102435afb503be4d7bdd69eea3c700a952", size = 219014, upload-time = "2025-11-08T20:24:27.382Z" },
    { url = "https://files.pythonhosted.org/packages/05/7a/99766a75c88e576f47c2d9a06416ff5d95be9b42faca5c37e1ab77c4cd1a/coverage-7.11.2-py3-none-any.whl", hash = "sha256:2442afabe9e83b881be083238bb7cf5afd4a10e47f29b6094470338d2336b33c", size = 208891, upload-time = "2025-11-08T20:26:30.739Z" },
]

[[package]]
name = "hypothesis"
version = "6.147.0"
source = { registry = "https://pypi.org/simple" }
dependencies = [
    { name = "sortedcontainers" },
]
sdist = { url = "https://files.pythonhosted.org/packages/f3/53/e19fe74671fd60db86344a4623c818fac58b813cc3efbb7ea3b3074dcb71/hypothesis-6.147.0.tar.gz", hash = "sha256:72e6004ea3bd1460bdb4640b6389df23b87ba7a4851893fd84d1375635d3e507", size = 468587, upload-time = "2025-11-06T20:27:29.682Z" }
wheels = [
    { url = "https://files.pythonhosted.org/packages/b2/1b/932eddc3d55c4ed6c585006cffe6c6a133b5e1797d873de0bcf5208e4fed/hypothesis-6.147.0-py3-none-any.whl", hash = "sha256:de588807b6da33550d32f47bcd42b1a86d061df85673aa73e6443680249d185e", size = 535595, upload-time = "2025-11-06T20:27:23.536Z" },
]

[[package]]
name = "iniconfig"
version = "2.3.0"
source = { registry = "https://pypi.org/simple" }
sdist = { url = "https://files.pythonhosted.org/packages/72/34/14ca021ce8e5dfedc35312d08ba8bf51fdd999c576889fc2c24cb97f4f10/iniconfig-2.3.0.tar.gz", hash = "sha256:c76315c77db068650d49c5b56314774a7804df16fee4402c1f19d6d15d8c4730", size = 20503, upload-time = "2025-10-18T21:55:43.219Z" }
wheels = [
    { url = "https://files.pythonhosted.org/packages/cb/b1/3846dd7f199d53cb17f49cba7e651e9ce294d8497c8c150530ed11865bb8/iniconfig-2.3.0-py3-none-any.whl", hash = "sha256:f631c04d2c48c52b84d0d0549c99ff3859c98df65b3101406327ecc7d53fbf12", size = 7484, upload-time = "2025-10-18T21:55:41.639Z" },
]

[[package]]
name = "inventory-guard"
version = "0.1.0"
source = { editable = "." }
dependencies = [
    { name = "ruamel-yaml" },
]

[package.dev-dependencies]
dev = [
    { name = "coverage" },
    { name = "hypothesis" },
    { name = "mypy" },
    { name = "pytest" },
    { name = "ty" },
]

[package.metadata]
requires-dist = [{ name = "ruamel-yaml", specifier = "==0.18.*" }]

[package.metadata.requires-dev]
dev = [
    { name = "coverage", specifier = ">=7.10.7" },
    { name = "hypothesis", specifier = ">=6.147.0" },
    { name = "mypy", specifier = ">=1.18.2" },
    { name = "pytest" },
    { name = "ty", specifier = ">=0.0.1a22" },
]

[[package]]
name = "mypy"
version = "1.18.2"
source = { registry = "https://pypi.org/simple" }
dependencies = [
    { name = "mypy-extensions" },
    { name = "pathspec" },
    { name = "typing-extensions" },
]
sdist = { url = "https://files.pythonhosted.org/packages/c0/77/8f0d0001ffad290cef2f7f216f96c814866248a0b92a722365ed54648e7e/mypy-1.18.2.tar.gz", hash = "sha256:06a398102a5f203d7477b2923dda3634c36727fa5c237d8f859ef90c42a9924b", size = 3448846, upload-time = "2025-09-19T00:11:10.519Z" }
wheels = [
    { url = "https://files.pythonhosted.org/packages/88/87/cafd3ae563f88f94eec33f35ff722d043e09832ea8530ef149ec1efbaf08/mypy-1.18.2-cp311-cp311-macosx_10_9_x86_64.whl", hash = "sha256:807d9315ab9d464125aa9fcf6d84fde6e1dc67da0b6f80e7405506b8ac72bc7f", size = 12731198, upload-time = "2025-09-19T00:09:44.857Z" },
    { url = "https://files.pythonhosted.org/packages/0f/e0/1e96c3d4266a06d4b0197ace5356d67d937d8358e2ee3ffac71faa843724/mypy-1.18.2-cp311-cp311-macosx_11_0_arm64.whl", hash = "sha256:776bb00de1778caf4db739c6e83919c1d85a448f71979b6a0edd774ea8399341", size = 11817879, upload-time = "2025-09-19T00:09:47.131Z" },
    { url = "https://files.pythonhosted.org/packages/72/ef/0c9ba89eb03453e76bdac5a78b08260a848c7bfc5d6603634774d9cd9525/mypy-1.18.2-cp311-cp311-manylinux2014_aarch64.manylinux_2_17_aarch64.manylinux_2_28_aarch64.whl", hash = "sha256:1379451880512ffce14505493bd9fe469e0697543717298242574882cf8cdb8d", size = 12427292, upload-time = "2025-09-19T00:10:22.472Z" },
    { url = "https://files.pythonhosted.org/packages/1a/52/ec4a061dd599eb8179d5411d99775bec2a20542505988f40fc2fee781068/mypy-1.18.2-cp311-cp311-manylinux2014_x86_64.manylinux_2_17_x86_64.manylinux_2_28_x86_64.whl", hash = "sha256:1331eb7fd110d60c24999893320967594ff84c38ac6d19e0a76c5fd809a84c86", size = 13163750, upload-time = "2025-09-19T00:09:51.472Z" },
    { url = "https://files.pythonhosted.org/packages/c4/5f/2cf2ceb3b36372d51568f2208c021870fe7834cf3186b653ac6446511839/mypy-1.18.2-cp311-cp311-musllinux_1_2_x86_64.whl", hash = "sha256:3ca30b50a51e7ba93b00422e486cbb124f1c56a535e20eff7b2d6ab72b3b2e37", size = 13351827, upload-time = "2025-09-19T00:09:58.311Z" },
    { url = "https://files.pythonhosted.org/packages/c8/7d/2697b930179e7277529eaaec1513f8de622818696857f689e4a5432e5e27/mypy-1.18.2-cp311-cp311-win_amd64.whl", hash = "sha256:664dc726e67fa54e14536f6e1224bcfce1d9e5ac02426d2326e2bb4e081d1ce8", size = 9757983, upload-time = "2025-09-19T00:10:09.071Z" },
    { url = "https://files.pythonhosted.org/packages/87/e3/be76d87158ebafa0309946c4a73831974d4d6ab4f4ef40c3b53a385a66fd/mypy-1.18.2-py3-none-any.whl", hash = "sha256:22a1748707dd62b58d2ae53562ffc4d7f8bcc727e8ac7cbc69c053ddc874d47e", size = 2352367, upload-time = "2025-09-19T00:10:15.489Z" },
]

[[package]]
name = "mypy-extensions"
version = "1.1.0"
source = { registry = "https://pypi.org/simple" }
sdist = { url = "https://files.pythonhosted.org/packages/a2/6e/371856a3fb9d31ca8dac321cda606860fa4548858c0cc45d9d1d4ca2628b/mypy_extensions-1.1.0.tar.gz", hash = "sha256:52e68efc3284861e772bbcd66823fde5ae21fd2fdb51c62a211403730b916558", size = 6343, upload-time = "2025-04-22T14:54:24.164Z" }
wheels = [
    { url = "https://files.pythonhosted.org/packages/79/7b/2c79738432f5c924bef5071f933bcc9efd0473bac3b4aa584a6f7c1c8df8/mypy_extensions-1.1.0-py3-none-any.whl", hash = "sha256:1be4cccdb0f2482337c4743e60421de3a356cd97508abadd57d47403e94f5505", size = 4963, upload-time = "2025-04-22T14:54:22.983Z" },
]

[[package]]
name = "packaging"
version = "25.0"
source = { registry = "https://pypi.org/simple" }
sdist = { url = "https://files.pythonhosted.org/packages/a1/d4/1fc4078c65507b51b96ca8f8c3ba19e6a61c8253c72794544580a7b6c24d/packaging-25.0.tar.gz", hash = "sha256:d443872c98d677bf60f6a1f2f8c1cb748e8fe762d2bf9d3148b5599295b0fc4f", size = 165727, upload-time = "2025-04-19T11:48:59.673Z" }
wheels = [
    { url = "https://files.pythonhosted.org/packages/20/12/38679034af332785aac8774540895e234f4d07f7545804097de4b666afd8/packaging-25.0-py3-none-any.whl", hash = "sha256:29572ef2b1f17581046b3a2227d5c611fb25ec70ca1ba8554b24b0e69331a484", size = 66469, upload-time = "2025-04-19T11:48:57.875Z" },
]

[[package]]
name = "pathspec"
version = "0.12.1"
source = { registry = "https://pypi.org/simple" }
sdist = { url = "https://files.pythonhosted.org/packages/ca/bc/f35b8446f4531a7cb215605d100cd88b7ac6f44ab3fc94870c120ab3adbf/pathspec-0.12.1.tar.gz", hash = "sha256:a482d51503a1ab33b1c67a6c3813a26953dbdc71c31dacaef9a838c4e29f5712", size = 51043, upload-time = "2023-12-10T22:30:45Z" }
wheels = [
    { url = "https://files.pythonhosted.org/packages/cc/20/ff623b09d963f88bfde16306a54e12ee5ea43e9b597108672ff3a408aad6/pathspec-0.12.1-py3-none-any.whl", hash = "sha256:a0d503e138a4c123b27490a4f7beda6a01c6f288df0e4a8b79c7eb0dc7b4cc08", size = 31191, upload-time = "2023-12-10T22:30:43.14Z" },
]

[[package]]
name = "pluggy"
version = "1.6.0"
source = { registry = "https://pypi.org/simple" }
sdist = { url = "https://files.pythonhosted.org/packages/f9/e2/3e91f31a7d2b083fe6ef3fa267035b518369d9511ffab804f839851d2779/pluggy-1.6.0.tar.gz", hash = "sha256:7dcc130b76258d33b90f61b658791dede3486c3e6bfb003ee5c9bfb396dd22f3", size = 69412, upload-time = "2025-05-15T12:30:07.975Z" }
wheels = [
    { url = "https://files.pythonhosted.org/packages/54/20/4d324d65cc6d9205fabedc306948156824eb9f0ee1633355a8f7ec5c66bf/pluggy-1.6.0-py3-none-any.whl", hash = "sha256:e920276dd6813095e9377c0bc5566d94c932c33b27a3e3945d8389c374dd4746", size = 20538, upload-time = "2025-05-15T12:30:06.134Z" },
]

[[package]]
name = "pygments"
version = "2.19.2"
source = { registry = "https://pypi.org/simple" }
sdist = { url = "https://files.pythonhosted.org/packages/b0/77/a5b8c569bf593b0140bde72ea885a803b82086995367bf2037de0159d924/pygments-2.19.2.tar.gz", hash = "sha256:636cb2477cec7f8952536970bc533bc43743542f70392ae026374600add5b887", size = 4968631, upload-time = "2025-06-21T13:39:12.283Z" }
wheels = [
    { url = "https://files.pythonhosted.org/packages/c7/21/705964c7812476f378728bdf590ca4b771ec72385c533964653c68e86bdc/pygments-2.19.2-py3-none-any.whl", hash = "sha256:86540386c03d588bb81d44bc3928634ff26449851e99741617ecb9037ee5ec0b", size = 1225217, upload-time = "2025-06-21T13:39:07.939Z" },
]

[[package]]
name = "pytest"
version = "9.0.0"
source = { registry = "https://pypi.org/simple" }
dependencies = [
    { name = "colorama", marker = "sys_platform == 'win32'" },
    { name = "iniconfig" },
    { name = "packaging" },
    { name = "pluggy" },
    { name = "pygments" },
]
sdist = { url = "https://files.pythonhosted.org/packages/da/1d/eb34f286b164c5e431a810a38697409cca1112cee04b287bb56ac486730b/pytest-9.0.0.tar.gz", hash = "sha256:8f44522eafe4137b0f35c9ce3072931a788a21ee40a2ed279e817d3cc16ed21e", size = 1562764, upload-time = "2025-11-08T17:25:33.34Z" }
wheels = [
    { url = "https://files.pythonhosted.org/packages/72/99/cafef234114a3b6d9f3aaed0723b437c40c57bdb7b3e4c3a575bc4890052/pytest-9.0.0-py3-none-any.whl", hash = "sha256:e5ccdf10b0bac554970ee88fc1a4ad0ee5d221f8ef22321f9b7e4584e19d7f96", size = 373364, upload-time = "2025-11-08T17:25:31.811Z" },
]

[[package]]
name = "ruamel-yaml"
version = "0.18.16"
source = { registry = "https://pypi.org/simple" }
dependencies = [
    { name = "ruamel-yaml-clib", marker = "platform_python_implementation == 'CPython'" },
]
sdist = { url = "https://files.pythonhosted.org/packages/9f/c7/ee630b29e04a672ecfc9b63227c87fd7a37eb67c1bf30fe95376437f897c/ruamel.yaml-0.18.16.tar.gz", hash = "sha256:a6e587512f3c998b2225d68aa1f35111c29fad14aed561a26e73fab729ec5e5a", size = 147269, upload-time = "2025-10-22T17:54:02.346Z" }
wheels = [
    { url = "https://files.pythonhosted.org/packages/0f/73/bb1bc2529f852e7bf64a2dec885e89ff9f5cc7bbf6c9340eed30ff2c69c5/ruamel.yaml-0.18.16-py3-none-any.whl", hash = "sha256:048f26d64245bae57a4f9ef6feb5b552a386830ef7a826f235ffb804c59efbba", size = 119858, upload-time = "2025-10-22T17:53:59.012Z" },
]

[[package]]
name = "ruamel-yaml-clib"
version = "0.2.14"
source = { registry = "https://pypi.org/simple" }
sdist = { url = "https://files.pythonhosted.org/packages/d8/e9/39ec4d4b3f91188fad1842748f67d4e749c77c37e353c4e545052ee8e893/ruamel.yaml.clib-0.2.14.tar.gz", hash = "sha256:803f5044b13602d58ea378576dd75aa759f52116a0232608e8fdada4da33752e", size = 225394, upload-time = "2025-09-22T19:51:23.753Z" }
wheels = [
    { url = "https://files.pythonhosted.org/packages/b3/9f/3c51e9578b8c36fcc4bdd271a1a5bb65963a74a4b6ad1a989768a22f6c2a/ruamel.yaml.clib-0.2.14-cp311-cp311-macosx_10_9_universal2.whl", hash = "sha256:5bae1a073ca4244620425cd3d3aa9746bde590992b98ee8c7c8be8c597ca0d4e", size = 270207, upload-time = "2025-09-23T14:24:11.445Z" },
    { url = "https://files.pythonhosted.org/packages/4a/16/cb02815bc2ae9c66760c0c061d23c7358f9ba51dae95ac85247662b7fbe2/ruamel.yaml.clib-0.2.14-cp311-cp311-macosx_13_0_arm64.whl", hash = "sha256:0a54e5e40a7a691a426c2703b09b0d61a14294d25cfacc00631aa6f9c964df0d", size = 137780, upload-time = "2025-09-22T19:50:37.734Z" },
    { url = "https://files.pythonhosted.org/packages/31/c6/fc687cd1b93bff8e40861eea46d6dc1a6a778d9a085684e4045ff26a8e40/ruamel.yaml.clib-0.2.14-cp311-cp311-manylinux2014_aarch64.whl", hash = "sha256:10d9595b6a19778f3269399eff6bab642608e5966183abc2adbe558a42d4efc9", size = 641590, upload-time = "2025-09-22T19:50:41.978Z" },
    { url = "https://files.pythonhosted.org/packages/45/5d/65a2bc08b709b08576b3f307bf63951ee68a8e047cbbda6f1c9864ecf9a7/ruamel.yaml.clib-0.2.14-cp311-cp311-manylinux_2_17_x86_64.manylinux2014_x86_64.whl", hash = "sha256:dba72975485f2b87b786075e18a6e5d07dc2b4d8973beb2732b9b2816f1bad70", size = 738090, upload-time = "2025-09-22T19:50:39.152Z" },
    { url = "https://files.pythonhosted.org/packages/fb/d0/a70a03614d9a6788a3661ab1538879ed2aae4e84d861f101243116308a37/ruamel.yaml.clib-0.2.14-cp311-cp311-manylinux_2_5_i686.manylinux1_i686.manylinux_2_17_i686.manylinux2014_i686.whl", hash = "sha256:29757bdb7c142f9595cc1b62ec49a3d1c83fab9cef92db52b0ccebaad4eafb98", size = 700744, upload-time = "2025-09-22T19:50:40.811Z" },
    { url = "https://files.pythonhosted.org/packages/77/30/c93fa457611f79946d5cb6cc97493ca5425f3f21891d7b1f9b44eaa1b38e/ruamel.yaml.clib-0.2.14-cp311-cp311-musllinux_1_2_aarch64.whl", hash = "sha256:557df28dbccf79b152fe2d1b935f6063d9cc431199ea2b0e84892f35c03bb0ee", size = 742321, upload-time = "2025-09-23T18:42:48.916Z" },
    { url = "https://files.pythonhosted.org/packages/40/85/e2c54ad637117cd13244a4649946eaa00f32edcb882d1f92df90e079ab00/ruamel.yaml.clib-0.2.14-cp311-cp311-musllinux_1_2_i686.whl", hash = "sha256:26a8de280ab0d22b6e3ec745b4a5a07151a0f74aad92dd76ab9c8d8d7087720d", size = 743805, upload-time = "2025-09-22T19:50:43.58Z" },
    { url = "https://files.pythonhosted.org/packages/81/50/f899072c38877d8ef5382e0b3d47f8c4346226c1f52d6945d6f64fec6a2f/ruamel.yaml.clib-0.2.14-cp311-cp311-musllinux_1_2_x86_64.whl", hash = "sha256:e501c096aa3889133d674605ebd018471bc404a59cbc17da3c5924421c54d97c", size = 769529, upload-time = "2025-09-22T19:50:45.707Z" },
    { url = "https://files.pythonhosted.org/packages/99/7c/96d4b5075e30c65ea2064e40c2d657c7c235d7b6ef18751cf89a935b9041/ruamel.yaml.clib-0.2.14-cp311-cp311-win32.whl", hash = "sha256:915748cfc25b8cfd81b14d00f4bfdb2ab227a30d6d43459034533f4d1c207a2a", size = 100256, upload-time = "2025-09-22T19:50:48.26Z" },
    { url = "https://files.pythonhosted.org/packages/7d/8c/73ee2babd04e8bfcf1fd5c20aa553d18bf0ebc24b592b4f831d12ae46cc0/ruamel.yaml.clib-0.2.14-cp311-cp311-win_amd64.whl", hash = "sha256:4ccba93c1e5a40af45b2f08e4591969fa4697eae951c708f3f83dcbf9f6c6bb1", size = 118234, upload-time = "2025-09-22T19:50:47.019Z" },
]

[[package]]
name = "sortedcontainers"
version = "2.4.0"
source = { registry = "https://pypi.org/simple" }
sdist = { url = "https://files.pythonhosted.org/packages/e8/c4/ba2f8066cceb6f23394729afe52f3bf7adec04bf9ed2c820b39e19299111/sortedcontainers-2.4.0.tar.gz", hash = "sha256:25caa5a06cc30b6b83d11423433f65d1f9d76c4c6a0c90e3379eaa43b9bfdb88", size = 30594, upload-time = "2021-05-16T22:03:42.897Z" }
wheels = [
    { url = "https://files.pythonhosted.org/packages/32/46/9cb0e58b2deb7f82b84065f37f3bffeb12413f947f9388e4cac22c4621ce/sortedcontainers-2.4.0-py2.py3-none-any.whl", hash = "sha256:a163dcaede0f1c021485e957a39245190e74249897e2ae4b2aa38595db237ee0", size = 29575, upload-time = "2021-05-16T22:03:41.177Z" },
]

[[package]]
name = "ty"
version = "0.0.1a25"
source = { registry = "https://pypi.org/simple" }
sdist = { url = "https://files.pythonhosted.org/packages/f6/6b/e73bc3c1039ea72936158a08313155a49e5aa5e7db5205a149fe516a4660/ty-0.0.1a25.tar.gz", hash = "sha256:5550b24b9dd0e0f8b4b2c1f0fcc608a55d0421dd67b6c364bc7bf25762334511", size = 4403670, upload-time = "2025-10-29T19:40:23.647Z" }
wheels = [
    { url = "https://files.pythonhosted.org/packages/8f/3b/4457231238a2eeb04cba4ba7cc33d735be68ee46ca40a98ae30e187de864/ty-0.0.1a25-py3-none-linux_armv6l.whl", hash = "sha256:d35b2c1f94a014a22875d2745aa0432761d2a9a8eb7212630d5caf547daeef6d", size = 8878803, upload-time = "2025-10-29T19:39:42.243Z" },
    { url = "https://files.pythonhosted.org/packages/8a/fa/a328713dd310018fc7a381693d8588185baa2fdae913e01a6839187215df/ty-0.0.1a25-py3-none-macosx_10_12_x86_64.whl", hash = "sha256:192edac94675a468bac7f6e04687a77a64698e4e1fe01f6a048bf9b6dde5b703", size = 8695667, upload-time = "2025-10-29T19:39:45.179Z" },
    { url = "https://files.pythonhosted.org/packages/22/e8/5707939118992ced2bf5385adc3ede7723c1b717b07ad14c495eea1e47b4/ty-0.0.1a25-py3-none-macosx_11_0_arm64.whl", hash = "sha256:949523621f336e01bc7d687b7bd08fe838edadbdb6563c2c057ed1d264e820cf", size = 8159012, upload-time = "2025-10-29T19:39:47.011Z" },
    { url = "https://files.pythonhosted.org/packages/eb/fb/ff313aa71602225cd78f1bce3017713d6d1b1c1e0fa8101ead4594a60d95/ty-0.0.1a25-py3-none-manylinux_2_17_aarch64.manylinux2014_aarch64.whl", hash = "sha256:94f78f621458c05e59e890061021198197f29a7b51a33eda82bbb036e7ed73d7", size = 8433675, upload-time = "2025-10-29T19:39:48.443Z" },
    { url = "https://files.pythonhosted.org/packages/c0/8d/cc7e7fb57215a15b575a43ed042bdd92971871e0decec1b26d2e7d969465/ty-0.0.1a25-py3-none-manylinux_2_17_armv7l.manylinux2014_armv7l.whl", hash = "sha256:d9656fca8062a2c6709c30d76d662c96d2e7dbfee8f70e55ec6b6afd67b5d447", size = 8668456, upload-time = "2025-10-29T19:39:50.412Z" },
    { url = "https://files.pythonhosted.org/packages/b8/6d/d7bf5909ed2dcdcbc1e2ca7eea80929893e2d188d9c36b3fcb2b36532ff6/ty-0.0.1a25-py3-none-manylinux_2_17_i686.manylinux2014_i686.whl", hash = "sha256:a9f3bbf523b49935bbd76e230408d858dce0d614f44f5807bbbd0954f64e0f01", size = 9023543, upload-time = "2025-10-29T19:39:52.292Z" },
    { url = "https://files.pythonhosted.org/packages/b4/b8/72bcefb4be32e5a84f0b21de2552f16cdb4cae3eb271ac891c8199c26b1a/ty-0.0.1a25-py3-none-manylinux_2_17_ppc64.manylinux2014_ppc64.whl", hash = "sha256:f13ea9815f4a54a0a303ca7bf411b0650e3c2a24fc6c7889ffba2c94f5e97a6a", size = 9700013, upload-time = "2025-10-29T19:39:57.283Z" },
    { url = "https://files.pythonhosted.org/packages/90/0d/cf7e794b840cf6b0bbecb022e593c543f85abad27a582241cf2095048cb1/ty-0.0.1a25-py3-none-manylinux_2_17_ppc64le.manylinux2014_ppc64le.whl", hash = "sha256:eab6e33ebe202a71a50c3d5a5580e3bc1a85cda3ffcdc48cec3f1c693b7a873b", size = 9372574, upload-time = "2025-10-29T19:40:04.532Z" },
    { url = "https://files.pythonhosted.org/packages/1e/71/2d35e7d51b48eabd330e2f7b7e0bce541cbd95950c4d2f780e85f3366af1/ty-0.0.1a25-py3-none-manylinux_2_17_s390x.manylinux2014_s390x.whl", hash = "sha256:f6b9a31da43424cdab483703a54a561b93aabba84630788505329fc5294a9c62", size = 9535726, upload-time = "2025-10-29T19:40:06.548Z" },
    { url = "https://files.pythonhosted.org/packages/57/d3/01ecc23bbd8f3e0dfbcf9172d06d84e88155c5f416f1491137e8066fd859/ty-0.0.1a25-py3-none-manylinux_2_17_x86_64.manylinux2014_x86_64.whl", hash = "sha256:0a90d897a7c1a5ae9b41a4c7b0a42262a06361476ad88d783dbedd7913edadbc", size = 9003380, upload-time = "2025-10-29T19:40:08.683Z" },
    { url = "https://files.pythonhosted.org/packages/de/f9/cde9380d8a1a6ca61baeb9aecb12cbec90d489aa929be55cd78ad5c2ccd9/ty-0.0.1a25-py3-none-musllinux_1_2_aarch64.whl", hash = "sha256:93c7e7ab2859af0f866d34d27f4ae70dd4fb95b847387f082de1197f9f34e068", size = 8401833, upload-time = "2025-10-29T19:40:10.627Z" },
    { url = "https://files.pythonhosted.org/packages/0b/39/0acf3625b0c495011795a391016b572f97a812aca1d67f7a76621fdb9ebf/ty-0.0.1a25-py3-none-musllinux_1_2_armv7l.whl", hash = "sha256:4a247061bd32bae3865a236d7f8b6c9916c80995db30ae1600999010f90623a9", size = 8706761, upload-time = "2025-10-29T19:40:12.575Z" },
    { url = "https://files.pythonhosted.org/packages/25/73/7de1648f3563dd9d416d36ab5f1649bfd7b47a179135027f31d44b89a246/ty-0.0.1a25-py3-none-musllinux_1_2_i686.whl", hash = "sha256:1711dd587eccf04fd50c494dc39babe38f4cb345bc3901bf1d8149cac570e979", size = 8792426, upload-time = "2025-10-29T19:40:14.553Z" },
    { url = "https://files.pythonhosted.org/packages/7d/8a/b6e761a65eac7acd10b2e452f49b2d8ae0ea163ca36bb6b18b2dadae251b/ty-0.0.1a25-py3-none-musllinux_1_2_x86_64.whl", hash = "sha256:5f4c9b0cf7995e2e3de9bab4d066063dea92019f2f62673b7574e3612643dd35", size = 9103991, upload-time = "2025-10-29T19:40:16.332Z" },
    { url = "https://files.pythonhosted.org/packages/e4/25/9324ae947fcc4322470326cf8276a3fc2f08dc82adec1de79d963fdf7af5/ty-0.0.1a25-py3-none-win32.whl", hash = "sha256:168fc8aee396d617451acc44cd28baffa47359777342836060c27aa6f37e2445", size = 8387095, upload-time = "2025-10-29T19:40:18.368Z" },
    { url = "https://files.pythonhosted.org/packages/3b/2b/cb12cbc7db1ba310aa7b1de9b4e018576f653105993736c086ee67d2ec02/ty-0.0.1a25-py3-none-win_amd64.whl", hash = "sha256:a2fad3d8e92bb4d57a8872a6f56b1aef54539d36f23ebb01abe88ac4338efafb", size = 9059225, upload-time = "2025-10-29T19:40:20.278Z" },
    { url = "https://files.pythonhosted.org/packages/2f/c1/f6be8cdd0bf387c1d8ee9d14bb299b7b5d2c0532f550a6693216a32ec0c5/ty-0.0.1a25-py3-none-win_arm64.whl", hash = "sha256:dde2962d448ed87c48736e9a4bb13715a4cced705525e732b1c0dac1d4c66e3d", size = 8536832, upload-time = "2025-10-29T19:40:22.014Z" },
]

[[package]]
name = "typing-extensions"
version = "4.15.0"
source = { registry = "https://pypi.org/simple" }
sdist = { url = "https://files.pythonhosted.org/packages/72/94/1a15dd82efb362ac84269196e94cf00f187f7ed21c242792a923cdb1c61f/typing_extensions-4.15.0.tar.gz", hash = "sha256:0cea48d173cc12fa28ecabc3b837ea3cf6f38c6d1136f85cbaaf598984861466", size = 109391, upload-time = "2025-08-25T13:49:26.313Z" }
wheels = [
    { url = "https://files.pythonhosted.org/packages/18/67/36e9267722cc04a6b9f15c7f3441c2363321a3ea07da7ae0c0707beb2a9c/typing_extensions-4.15.0-py3-none-any.whl", hash = "sha256:f0fa19c6845758ab08074a0cfa8b7aecb71c999ca73d62883bc25cc018c4e548", size = 44614, upload-time = "2025-08-25T13:49:24.86Z" },
]
